<?xml version="1.0" encoding="utf-8"?>
<Project ToolsVersion="4.0" xmlns="http://schemas.microsoft.com/developer/msbuild/2003">
  <ItemGroup>
    <ClCompile Include="$(SDLpp)\src\blendmode.cpp">
      <Filter>SDL++</Filter>
    </ClCompile>
    <ClCompile Include="$(SDLpp)\src\error.cpp">
      <Filter>SDL++</Filter>
    </ClCompile>
    <ClCompile Include="$(SDLpp)\src\image.cpp">
      <Filter>SDL++</Filter>
    </ClCompile>
    <ClCompile Include="$(SDLpp)\src\input.cpp">
      <Filter>SDL++</Filter>
    </ClCompile>
    <ClCompile Include="$(SDLpp)\src\mouse.cpp">
      <Filter>SDL++</Filter>
    </ClCompile>
    <ClCompile Include="$(SDLpp)\src\pixels.cpp">
      <Filter>SDL++</Filter>
    </ClCompile>
    <ClCompile Include="$(SDLpp)\src\ray.cpp">
      <Filter>SDL++</Filter>
    </ClCompile>
    <ClCompile Include="$(SDLpp)\src\rect.cpp">
      <Filter>SDL++</Filter>
    </ClCompile>
    <ClCompile Include="$(SDLpp)\src\render.cpp">
      <Filter>SDL++</Filter>
    </ClCompile>
    <ClCompile Include="$(SDLpp)\src\SDL_ttf.cpp">
      <Filter>SDL++</Filter>
    </ClCompile>
    <ClCompile Include="$(SDLpp)\src\version.cpp">
      <Filter>SDL++</Filter>
    </ClCompile>
    <ClCompile Include="CharDisplay.cpp">
      <Filter>Source</Filter>
    </ClCompile>
    <ClCompile Include="Computer.cpp">
      <Filter>Source</Filter>
    </ClCompile>
    <ClCompile Include="ComputerInfo.cpp">
      <Filter>Source</Filter>
    </ClCompile>
    <ClCompile Include="Core.cpp">
      <Filter>Source</Filter>
    </ClCompile>
    <ClCompile Include="DebugCore.cpp">
      <Filter>Source</Filter>
    </ClCompile>
    <ClCompile Include="RAM.cpp">
      <Filter>Source</Filter>
    </ClCompile>
    <ClCompile Include="RISCCore.cpp">
      <Filter>Source</Filter>
    </ClCompile>
    <ClCompile Include="ROM.cpp">
      <Filter>Source</Filter>
    </ClCompile>
    <ClCompile Include="Source.cpp">
      <Filter>Source</Filter>
    </ClCompile>
    <ClCompile Include="SR_String.cpp">
      <Filter>Source</Filter>
    </ClCompile>
    <ClCompile Include="Assembler.cpp">
      <Filter>Source</Filter>
    </ClCompile>
    <ClCompile Include="ColourCharDisplay.cpp">
      <Filter>Source</Filter>
    </ClCompile>
    <ClCompile Include="KeyboardDevice.cpp">
      <Filter>Source</Filter>
    </ClCompile>
    <ClCompile Include="PickFile.cpp">
      <Filter>Source</Filter>
    </ClCompile>
    <ClCompile Include="GUIButton.cpp">
      <Filter>Source</Filter>
    </ClCompile>
    <ClCompile Include="Sprite.cpp">
      <Filter>Source</Filter>
    </ClCompile>
  </ItemGroup>
  <ItemGroup>
    <Filter Include="SDL++">
      <UniqueIdentifier>{70021537-2e70-4762-abf5-c0bccff86c0c}</UniqueIdentifier>
    </Filter>
    <Filter Include="Headers">
      <UniqueIdentifier>{77daa392-d35a-44e1-b702-f86506ba7879}</UniqueIdentifier>
    </Filter>
    <Filter Include="Source">
      <UniqueIdentifier>{d891dfba-aa43-41c9-bab5-c9b78586e2a9}</UniqueIdentifier>
    </Filter>
    <Filter Include="Assembly">
      <UniqueIdentifier>{0bede24c-eafb-4b55-9d75-09142f9467f4}</UniqueIdentifier>
    </Filter>
  </ItemGroup>
  <ItemGroup>
    <ClInclude Include="CharDisplay.h">
      <Filter>Headers</Filter>
    </ClInclude>
    <ClInclude Include="Computer.h">
      <Filter>Headers</Filter>
    </ClInclude>
    <ClInclude Include="ComputerInfo.h">
      <Filter>Headers</Filter>
    </ClInclude>
    <ClInclude Include="Core.h">
      <Filter>Headers</Filter>
    </ClInclude>
    <ClInclude Include="DebugCore.h">
      <Filter>Headers</Filter>
    </ClInclude>
    <ClInclude Include="Device.h">
      <Filter>Headers</Filter>
    </ClInclude>
    <ClInclude Include="MappedDevice.h">
      <Filter>Headers</Filter>
    </ClInclude>
    <ClInclude Include="MemoryMapped.h">
      <Filter>Headers</Filter>
    </ClInclude>
    <ClInclude Include="NullDevice.h">
      <Filter>Headers</Filter>
    </ClInclude>
    <ClInclude Include="PreProcAssember.h">
      <Filter>Headers</Filter>
    </ClInclude>
    <ClInclude Include="RAM.h">
      <Filter>Headers</Filter>
    </ClInclude>
    <ClInclude Include="RISCCore.h">
      <Filter>Headers</Filter>
    </ClInclude>
    <ClInclude Include="ROM.h">
      <Filter>Headers</Filter>
    </ClInclude>
    <ClInclude Include="SR_String.h">
      <Filter>Headers</Filter>
    </ClInclude>
    <ClInclude Include="SR_Types.h">
      <Filter>Headers</Filter>
    </ClInclude>
    <ClInclude Include="Assembler.h">
      <Filter>Headers</Filter>
    </ClInclude>
    <ClInclude Include="ColourCharDisplay.h">
      <Filter>Headers</Filter>
    </ClInclude>
    <ClInclude Include="KeyboardDevice.h">
      <Filter>Headers</Filter>
    </ClInclude>
    <ClInclude Include="GUIButton.h">
      <Filter>Headers</Filter>
    </ClInclude>
    <ClInclude Include="Sprite.h">
      <Filter>Headers</Filter>
    </ClInclude>
    <ClInclude Include="PickFile.h">
      <Filter>Headers</Filter>
    </ClInclude>
  </ItemGroup>
  <ItemGroup>
    <CopyFileToFolders Include="Char set.png" />
  </ItemGroup>
  <ItemGroup>
    <None Include="program.asm">
      <Filter>Assembly</Filter>
    </None>
    <None Include="bounce.asm">
      <Filter>Assembly</Filter>
    </None>
    <None Include="float.asm">
      <Filter>Assembly</Filter>
    </None>
    <None Include="blue_wave.asm">
      <Filter>Assembly</Filter>
    </None>
    <None Include="keyboard.asm">
      <Filter>Assembly</Filter>
    </None>
    <None Include="ascii.asm">
      <Filter>Assembly</Filter>
    </None>
    <None Include="pipes.asm">
      <Filter>Assembly</Filter>
    </None>
  </ItemGroup>
</Project>