<?xml version="1.0" encoding="utf-8"?>
<Project ToolsVersion="4.0" xmlns="http://schemas.microsoft.com/developer/msbuild/2003">
  <ItemGroup>
    <ClCompile Include="$(SDLpp)\src\blendmode.cpp">
      <Filter>SDL++</Filter>
    </ClCompile>
    <ClCompile Include="$(SDLpp)\src\error.cpp">
      <Filter>SDL++</Filter>
    </ClCompile>
    <ClCompile Include="$(SDLpp)\src\input.cpp">
      <Filter>SDL++</Filter>
    </ClCompile>
    <ClCompile Include="$(SDLpp)\src\mouse.cpp">
      <Filter>SDL++</Filter>
    </ClCompile>
    <ClCompile Include="$(SDLpp)\src\pixels.cpp">
      <Filter>SDL++</Filter>
    </ClCompile>
    <ClCompile Include="$(SDLpp)\src\ray.cpp">
      <Filter>SDL++</Filter>
    </ClCompile>
    <ClCompile Include="$(SDLpp)\src\rect.cpp">
      <Filter>SDL++</Filter>
    </ClCompile>
    <ClCompile Include="$(SDLpp)\src\render.cpp">
      <Filter>SDL++</Filter>
    </ClCompile>
    <ClCompile Include="$(SDLpp)\src\SDL_image.cpp">
      <Filter>SDL++</Filter>
    </ClCompile>
    <ClCompile Include="$(SDLpp)\src\SDL_ttf.cpp">
      <Filter>SDL++</Filter>
    </ClCompile>
    <ClCompile Include="$(SDLpp)\src\version.cpp">
      <Filter>SDL++</Filter>
    </ClCompile>
    <ClCompile Include="src\CharDisplay.cpp">
      <Filter>Source</Filter>
    </ClCompile>
    <ClCompile Include="src\Computer.cpp">
      <Filter>Source</Filter>
    </ClCompile>
    <ClCompile Include="src\ComputerInfo.cpp">
      <Filter>Source</Filter>
    </ClCompile>
    <ClCompile Include="src\Core.cpp">
      <Filter>Source</Filter>
    </ClCompile>
    <ClCompile Include="src\DebugCore.cpp">
      <Filter>Source</Filter>
    </ClCompile>
    <ClCompile Include="src\RAM.cpp">
      <Filter>Source</Filter>
    </ClCompile>
    <ClCompile Include="src\RISCCore.cpp">
      <Filter>Source</Filter>
    </ClCompile>
    <ClCompile Include="src\ROM.cpp">
      <Filter>Source</Filter>
    </ClCompile>
    <ClCompile Include="src\Source.cpp">
      <Filter>Source</Filter>
    </ClCompile>
    <ClCompile Include="src\SR_String.cpp">
      <Filter>Source</Filter>
    </ClCompile>
    <ClCompile Include="src\Assembler.cpp">
      <Filter>Source</Filter>
    </ClCompile>
    <ClCompile Include="src\ColourCharDisplay.cpp">
      <Filter>Source</Filter>
    </ClCompile>
    <ClCompile Include="src\KeyboardDevice.cpp">
      <Filter>Source</Filter>
    </ClCompile>
    <ClCompile Include="src\PickFile.cpp">
      <Filter>Source</Filter>
    </ClCompile>
    <ClCompile Include="src\LoadPalettes.cpp">
      <Filter>Source</Filter>
    </ClCompile>
  </ItemGroup>
  <ItemGroup>
    <Filter Include="SDL++">
      <UniqueIdentifier>{70021537-2e70-4762-abf5-c0bccff86c0c}</UniqueIdentifier>
    </Filter>
    <Filter Include="Headers">
      <UniqueIdentifier>{77daa392-d35a-44e1-b702-f86506ba7879}</UniqueIdentifier>
    </Filter>
    <Filter Include="Source">
      <UniqueIdentifier>{d891dfba-aa43-41c9-bab5-c9b78586e2a9}</UniqueIdentifier>
    </Filter>
    <Filter Include="Assembly">
      <UniqueIdentifier>{0bede24c-eafb-4b55-9d75-09142f9467f4}</UniqueIdentifier>
    </Filter>
    <Filter Include="assets">
      <UniqueIdentifier>{ef8fa26f-d80a-4c8c-90db-1796ec78f872}</UniqueIdentifier>
    </Filter>
    <Filter Include="assets\buttons">
      <UniqueIdentifier>{c82353c3-60a4-4718-8f31-4063ef661440}</UniqueIdentifier>
    </Filter>
  </ItemGroup>
  <ItemGroup>
    <ClInclude Include="include\Assembler.h">
      <Filter>Headers</Filter>
    </ClInclude>
    <ClInclude Include="include\CharDisplay.h">
      <Filter>Headers</Filter>
    </ClInclude>
    <ClInclude Include="include\ColourCharDisplay.h">
      <Filter>Headers</Filter>
    </ClInclude>
    <ClInclude Include="include\Computer.h">
      <Filter>Headers</Filter>
    </ClInclude>
    <ClInclude Include="include\ComputerInfo.h">
      <Filter>Headers</Filter>
    </ClInclude>
    <ClInclude Include="include\Core.h">
      <Filter>Headers</Filter>
    </ClInclude>
    <ClInclude Include="include\DebugCore.h">
      <Filter>Headers</Filter>
    </ClInclude>
    <ClInclude Include="include\Device.h">
      <Filter>Headers</Filter>
    </ClInclude>
    <ClInclude Include="include\GUIButton.h">
      <Filter>Headers</Filter>
    </ClInclude>
    <ClInclude Include="include\KeyboardDevice.h">
      <Filter>Headers</Filter>
    </ClInclude>
    <ClInclude Include="include\LoadPalettes.h">
      <Filter>Headers</Filter>
    </ClInclude>
    <ClInclude Include="include\MappedDevice.h">
      <Filter>Headers</Filter>
    </ClInclude>
    <ClInclude Include="include\MemoryMapped.h">
      <Filter>Headers</Filter>
    </ClInclude>
    <ClInclude Include="include\NullDevice.h">
      <Filter>Headers</Filter>
    </ClInclude>
    <ClInclude Include="include\PickFile.h">
      <Filter>Headers</Filter>
    </ClInclude>
    <ClInclude Include="include\PreProcAssember.h">
      <Filter>Headers</Filter>
    </ClInclude>
    <ClInclude Include="include\RAM.h">
      <Filter>Headers</Filter>
    </ClInclude>
    <ClInclude Include="include\RISCCore.h">
      <Filter>Headers</Filter>
    </ClInclude>
    <ClInclude Include="include\ROM.h">
      <Filter>Headers</Filter>
    </ClInclude>
    <ClInclude Include="include\Sprite.h">
      <Filter>Headers</Filter>
    </ClInclude>
    <ClInclude Include="include\SR_String.h">
      <Filter>Headers</Filter>
    </ClInclude>
    <ClInclude Include="include\SR_Types.h">
      <Filter>Headers</Filter>
    </ClInclude>
  </ItemGroup>
  <ItemGroup>
    <Image Include="assets\char set.png">
      <Filter>assets</Filter>
    </Image>
    <Image Include="assets\buttons\step.png">
      <Filter>assets\buttons</Filter>
    </Image>
    <Image Include="assets\buttons\folder.png">
      <Filter>assets\buttons</Filter>
    </Image>
    <Image Include="assets\buttons\palette.png">
      <Filter>assets\buttons</Filter>
    </Image>
    <Image Include="assets\buttons\pause.png">
      <Filter>assets\buttons</Filter>
    </Image>
    <Image Include="assets\buttons\play.png">
      <Filter>assets\buttons</Filter>
    </Image>
    <Image Include="assets\buttons\reload.png">
      <Filter>assets\buttons</Filter>
    </Image>
    <Image Include="assets\palette.png">
      <Filter>assets</Filter>
    </Image>
  </ItemGroup>
  <ItemGroup>
    <Text Include="Scripts\ascii.asm">
      <Filter>Assembly</Filter>
    </Text>
    <Text Include="Scripts\blue_wave.asm">
      <Filter>Assembly</Filter>
    </Text>
    <Text Include="Scripts\bounce.asm">
      <Filter>Assembly</Filter>
    </Text>
    <Text Include="Scripts\float.asm">
      <Filter>Assembly</Filter>
    </Text>
    <Text Include="Scripts\keyboard.asm">
      <Filter>Assembly</Filter>
    </Text>
    <Text Include="Scripts\pipes.asm">
      <Filter>Assembly</Filter>
    </Text>
    <Text Include="Scripts\program.asm">
      <Filter>Assembly</Filter>
    </Text>
    <Text Include="Scripts\random.asm">
      <Filter>Assembly</Filter>
    </Text>
    <Text Include="scripts\gravity.asm">
      <Filter>Assembly</Filter>
    </Text>
  </ItemGroup>
</Project>